{
  "nodes": {
    "dylint-src": {
      "flake": false,
      "locked": {
        "lastModified": 1779817571,
        "narHash": "sha256-SteI8+BZ5ej38goCOD+PRJozt7qVSTp/IFJXyeBblAw=",
        "owner": "trailofbits",
        "repo": "dylint",
        "rev": "cd83640eb1882c309fc58edd9806882262fd1c6b",
        "type": "github"
      },
      "original": {
        "owner": "trailofbits",
        "ref": "v6.0.1",
        "repo": "dylint",
        "type": "github"
      }
    },
    "fenix": {
      "inputs": {
        "nixpkgs": [
          "nixpkgs"
        ],
        "rust-analyzer-src": "rust-analyzer-src"
      },
      "locked": {
        "lastModified": 1785750890,
        "narHash": "sha256-hax+Dgq9/KtG0NPXEcyNIfKIJhzCfQVVIf6Ynu8bCRM=",
        "owner": "nix-community",
        "repo": "fenix",
        "rev": "1635a532f6778304adfac2044c82992ece8a99d8",
        "type": "github"
      },
      "original": {
        "owner": "nix-community",
        "repo": "fenix",
        "type": "github"
      }
    },
    "nixpkgs": {
      "locked": {
        "lastModified": 1785692966,
        "narHash": "sha256-vUfIeBEfpbAfZ5zjgIkYk7eHBeVfCYVjLbWnMkseYnk=",
        "owner": "NixOS",
        "repo": "nixpkgs",
        "rev": "643809054d65fdd466a63e3155b8c498cb483c04",
        "type": "github"
      },
      "original": {
        "owner": "NixOS",
        "ref": "nixos-unstable",
        "repo": "nixpkgs",
        "type": "github"
      }
    },
    "root": {
      "inputs": {
        "dylint-src": "dylint-src",
        "fenix": "fenix",
        "nixpkgs": "nixpkgs"
      }
    },
    "rust-analyzer-src": {
      "flake": false,
      "locked": {
        "lastModified": 1785701467,
        "narHash": "sha256-+HtsUgRhJR1pYz8lhKK4ChfBmZTjwcTmiq0mWBcvrfo=",
        "owner": "rust-lang",
        "repo": "rust-analyzer",
        "rev": "b54a82b321c9617c5cf0b07ac0f12c08f7bc5902",
        "type": "github"
      },
      "original": {
        "owner": "rust-lang",
        "ref": "nightly",
        "repo": "rust-analyzer",
        "type": "github"
      }
    }
  },
  "root": "root",
  "version": 7
}
